
Microsoft Visual Studio Solution File, Format Version 12.00
# Visual Studio Version 17
VisualStudioVersion = 17.6.33801.468
MinimumVisualStudioVersion = 10.0.40219.1
Project("{FAE04EC0-301F-11D3-BF4B-00C04F79EFBC}") = "customerViewer", "customerViewer.csproj", "{503E6AB3-A258-442D-A061-0014591D22DE}"
EndProject
Global
	GlobalSection(SolutionConfigurationPlatforms) = preSolution
		Debug|Any CPU = Debug|Any CPU
		Release|Any CPU = Release|Any CPU
	EndGlobalSection
	GlobalSection(ProjectConfigurationPlatforms) = postSolution
		{503E6AB3-A258-442D-A061-0014591D22DE}.Debug|Any CPU.ActiveCfg = Debug|Any CPU
		{503E6AB3-A258-442D-A061-0014591D22DE}.Debug|Any CPU.Build.0 = Debug|Any CPU
		{503E6AB3-A258-442D-A061-0014591D22DE}.Release|Any CPU.ActiveCfg = Release|Any CPU
		{503E6AB3-A258-442D-A061-0014591D22DE}.Release|Any CPU.Build.0 = Release|Any CPU
	EndGlobalSection
	GlobalSection(SolutionProperties) = preSolution
		HideSolutionNode = FALSE
	EndGlobalSection
	GlobalSection(ExtensibilityGlobals) = postSolution
		SolutionGuid = {22834E86-A776-44C3-A8B6-30DE3FC23AE6}
	EndGlobalSection
EndGlobal
